
Microsoft Visual Studio Solution File, Format Version 12.00
# Visual Studio Version 17
VisualStudioVersion = 17.14.36414.22
MinimumVisualStudioVersion = 10.0.40219.1
Project("{FAE04EC0-301F-11D3-BF4B-00C04F79EFBC}") = "GeoExpert_Assignment", "GeoExpert_Assignmnet\GeoExpert_Assignment.csproj", "{3EEC2D74-960F-4065-9DD2-0E68E46752DC}"
EndProject
Global
	GlobalSection(SolutionConfigurationPlatforms) = preSolution
		Debug|Any CPU = Debug|Any CPU
		Release|Any CPU = Release|Any CPU
	EndGlobalSection
	GlobalSection(ProjectConfigurationPlatforms) = postSolution
		{3EEC2D74-960F-4065-9DD2-0E68E46752DC}.Debug|Any CPU.ActiveCfg = Debug|Any CPU
		{3EEC2D74-960F-4065-9DD2-0E68E46752DC}.Debug|Any CPU.Build.0 = Debug|Any CPU
		{3EEC2D74-960F-4065-9DD2-0E68E46752DC}.Release|Any CPU.ActiveCfg = Release|Any CPU
		{3EEC2D74-960F-4065-9DD2-0E68E46752DC}.Release|Any CPU.Build.0 = Release|Any CPU
	EndGlobalSection
	GlobalSection(SolutionProperties) = preSolution
		HideSolutionNode = FALSE
	EndGlobalSection
	GlobalSection(ExtensibilityGlobals) = postSolution
		SolutionGuid = {AD97C09F-1C2D-4908-A4DF-E90899BD8387}
	EndGlobalSection
EndGlobal
